
Microsoft Visual Studio Solution File, Format Version 12.00
# Visual Studio Version 16
VisualStudioVersion = 16.0.32106.194
MinimumVisualStudioVersion = 10.0.40219.1
Project("{FAE04EC0-301F-11D3-BF4B-00C04F79EFBC}") = "WithCreatioDll", "WithCreatioDll.csproj", "{B924A167-4B94-48A4-9823-230D13EDC4CA}"
EndProject
Global
	GlobalSection(SolutionConfigurationPlatforms) = preSolution
		Debug|Any CPU = Debug|Any CPU
		Release|Any CPU = Release|Any CPU
	EndGlobalSection
	GlobalSection(ProjectConfigurationPlatforms) = postSolution
		{B924A167-4B94-48A4-9823-230D13EDC4CA}.Debug|Any CPU.ActiveCfg = Debug|Any CPU
		{B924A167-4B94-48A4-9823-230D13EDC4CA}.Debug|Any CPU.Build.0 = Debug|Any CPU
		{B924A167-4B94-48A4-9823-230D13EDC4CA}.Release|Any CPU.ActiveCfg = Release|Any CPU
		{B924A167-4B94-48A4-9823-230D13EDC4CA}.Release|Any CPU.Build.0 = Release|Any CPU
	EndGlobalSection
	GlobalSection(SolutionProperties) = preSolution
		HideSolutionNode = FALSE
	EndGlobalSection
	GlobalSection(ExtensibilityGlobals) = postSolution
		SolutionGuid = {64E10BDD-8E79-4D7C-8A9B-DA9793B8BAE8}
	EndGlobalSection
EndGlobal
